
Microsoft Visual Studio Solution File, Format Version 12.00
# Visual Studio Version 17
VisualStudioVersion = 17.7.34024.191
MinimumVisualStudioVersion = 10.0.40219.1
Project("{FAE04EC0-301F-11D3-BF4B-00C04F79EFBC}") = "AppointActivities.CLI", "AppointActivities.Console\AppointActivities.CLI.csproj", "{FA8B5DD4-F613-4FAB-B922-DE3127ACA0A4}"
EndProject
Project("{FAE04EC0-301F-11D3-BF4B-00C04F79EFBC}") = "AppointActivities.Models", "AppointActivities.Models\AppointActivities.Models.csproj", "{07DFEF1E-D8BF-4549-9F7E-74B12AC8F674}"
EndProject
Project("{9A19103F-16F7-4668-BE54-9A1E7A4F7556}") = "AppointActivities.WPF", "AppointActivities.WPF\AppointActivities.WPF.csproj", "{02A45012-C519-4654-AD4F-FA0F211AC3E8}"
EndProject
Project("{FAE04EC0-301F-11D3-BF4B-00C04F79EFBC}") = "AppointActivities.DB", "AppointActivities.DB\AppointActivities.DB.csproj", "{F0C2AFDB-9AE3-40B9-8D0E-304C07609D96}"
EndProject
Global
	GlobalSection(SolutionConfigurationPlatforms) = preSolution
		Debug|Any CPU = Debug|Any CPU
		Release|Any CPU = Release|Any CPU
	EndGlobalSection
	GlobalSection(ProjectConfigurationPlatforms) = postSolution
		{FA8B5DD4-F613-4FAB-B922-DE3127ACA0A4}.Debug|Any CPU.ActiveCfg = Debug|Any CPU
		{FA8B5DD4-F613-4FAB-B922-DE3127ACA0A4}.Debug|Any CPU.Build.0 = Debug|Any CPU
		{FA8B5DD4-F613-4FAB-B922-DE3127ACA0A4}.Release|Any CPU.ActiveCfg = Release|Any CPU
		{FA8B5DD4-F613-4FAB-B922-DE3127ACA0A4}.Release|Any CPU.Build.0 = Release|Any CPU
		{07DFEF1E-D8BF-4549-9F7E-74B12AC8F674}.Debug|Any CPU.ActiveCfg = Debug|Any CPU
		{07DFEF1E-D8BF-4549-9F7E-74B12AC8F674}.Debug|Any CPU.Build.0 = Debug|Any CPU
		{07DFEF1E-D8BF-4549-9F7E-74B12AC8F674}.Release|Any CPU.ActiveCfg = Release|Any CPU
		{07DFEF1E-D8BF-4549-9F7E-74B12AC8F674}.Release|Any CPU.Build.0 = Release|Any CPU
		{02A45012-C519-4654-AD4F-FA0F211AC3E8}.Debug|Any CPU.ActiveCfg = Debug|Any CPU
		{02A45012-C519-4654-AD4F-FA0F211AC3E8}.Debug|Any CPU.Build.0 = Debug|Any CPU
		{02A45012-C519-4654-AD4F-FA0F211AC3E8}.Release|Any CPU.ActiveCfg = Release|Any CPU
		{02A45012-C519-4654-AD4F-FA0F211AC3E8}.Release|Any CPU.Build.0 = Release|Any CPU
		{F0C2AFDB-9AE3-40B9-8D0E-304C07609D96}.Debug|Any CPU.ActiveCfg = Debug|Any CPU
		{F0C2AFDB-9AE3-40B9-8D0E-304C07609D96}.Debug|Any CPU.Build.0 = Debug|Any CPU
		{F0C2AFDB-9AE3-40B9-8D0E-304C07609D96}.Release|Any CPU.ActiveCfg = Release|Any CPU
		{F0C2AFDB-9AE3-40B9-8D0E-304C07609D96}.Release|Any CPU.Build.0 = Release|Any CPU
	EndGlobalSection
	GlobalSection(SolutionProperties) = preSolution
		HideSolutionNode = FALSE
	EndGlobalSection
	GlobalSection(ExtensibilityGlobals) = postSolution
		SolutionGuid = {45067CD9-4EEE-4826-AA57-6C1EE0D5A041}
	EndGlobalSection
EndGlobal
